
Microsoft Visual Studio Solution File, Format Version 12.00
# Visual Studio Version 16
VisualStudioVersion = 16.0.30114.105
MinimumVisualStudioVersion = 10.0.40219.1
Project("{FAE04EC0-301F-11D3-BF4B-00C04F79EFBC}") = "Ranger.Core", "Ranger.Core\Ranger.Core.csproj", "{C38F8B25-818C-4933-A1FA-4A638D7FB99B}"
EndProject
Project("{FAE04EC0-301F-11D3-BF4B-00C04F79EFBC}") = "Ranger.Slim", "Ranger.Slim\Ranger.Slim.csproj", "{EA014999-5CC0-44D1-8C2D-D4E9315F4D0C}"
EndProject
Global
	GlobalSection(SolutionConfigurationPlatforms) = preSolution
		Debug|Any CPU = Debug|Any CPU
		Debug|x64 = Debug|x64
		Debug|x86 = Debug|x86
		Release|Any CPU = Release|Any CPU
		Release|x64 = Release|x64
		Release|x86 = Release|x86
	EndGlobalSection
	GlobalSection(SolutionProperties) = preSolution
		HideSolutionNode = FALSE
	EndGlobalSection
	GlobalSection(ProjectConfigurationPlatforms) = postSolution
		{C38F8B25-818C-4933-A1FA-4A638D7FB99B}.Debug|Any CPU.ActiveCfg = Debug|Any CPU
		{C38F8B25-818C-4933-A1FA-4A638D7FB99B}.Debug|Any CPU.Build.0 = Debug|Any CPU
		{C38F8B25-818C-4933-A1FA-4A638D7FB99B}.Debug|x64.ActiveCfg = Debug|Any CPU
		{C38F8B25-818C-4933-A1FA-4A638D7FB99B}.Debug|x64.Build.0 = Debug|Any CPU
		{C38F8B25-818C-4933-A1FA-4A638D7FB99B}.Debug|x86.ActiveCfg = Debug|Any CPU
		{C38F8B25-818C-4933-A1FA-4A638D7FB99B}.Debug|x86.Build.0 = Debug|Any CPU
		{C38F8B25-818C-4933-A1FA-4A638D7FB99B}.Release|Any CPU.ActiveCfg = Release|Any CPU
		{C38F8B25-818C-4933-A1FA-4A638D7FB99B}.Release|Any CPU.Build.0 = Release|Any CPU
		{C38F8B25-818C-4933-A1FA-4A638D7FB99B}.Release|x64.ActiveCfg = Release|Any CPU
		{C38F8B25-818C-4933-A1FA-4A638D7FB99B}.Release|x64.Build.0 = Release|Any CPU
		{C38F8B25-818C-4933-A1FA-4A638D7FB99B}.Release|x86.ActiveCfg = Release|Any CPU
		{C38F8B25-818C-4933-A1FA-4A638D7FB99B}.Release|x86.Build.0 = Release|Any CPU
		{EA014999-5CC0-44D1-8C2D-D4E9315F4D0C}.Debug|Any CPU.ActiveCfg = Debug|Any CPU
		{EA014999-5CC0-44D1-8C2D-D4E9315F4D0C}.Debug|Any CPU.Build.0 = Debug|Any CPU
		{EA014999-5CC0-44D1-8C2D-D4E9315F4D0C}.Debug|x64.ActiveCfg = Debug|Any CPU
		{EA014999-5CC0-44D1-8C2D-D4E9315F4D0C}.Debug|x64.Build.0 = Debug|Any CPU
		{EA014999-5CC0-44D1-8C2D-D4E9315F4D0C}.Debug|x86.ActiveCfg = Debug|Any CPU
		{EA014999-5CC0-44D1-8C2D-D4E9315F4D0C}.Debug|x86.Build.0 = Debug|Any CPU
		{EA014999-5CC0-44D1-8C2D-D4E9315F4D0C}.Release|Any CPU.ActiveCfg = Release|Any CPU
		{EA014999-5CC0-44D1-8C2D-D4E9315F4D0C}.Release|Any CPU.Build.0 = Release|Any CPU
		{EA014999-5CC0-44D1-8C2D-D4E9315F4D0C}.Release|x64.ActiveCfg = Release|Any CPU
		{EA014999-5CC0-44D1-8C2D-D4E9315F4D0C}.Release|x64.Build.0 = Release|Any CPU
		{EA014999-5CC0-44D1-8C2D-D4E9315F4D0C}.Release|x86.ActiveCfg = Release|Any CPU
		{EA014999-5CC0-44D1-8C2D-D4E9315F4D0C}.Release|x86.Build.0 = Release|Any CPU
	EndGlobalSection
EndGlobal
